// !$*UTF8*$!
{
	archiveVersion = 1;
	classes = {
	};
	objectVersion = 56;
	objects = {

/* Begin PBXBuildFile section */
		D342708B295114D600A6F215 /* DetailsViewController.swift in Sources */ = {isa = PBXBuildFile; fileRef = D3427089295114D600A6F215 /* DetailsViewController.swift */; };
		D342708C295114D600A6F215 /* DetailsViewController.xib in Resources */ = {isa = PBXBuildFile; fileRef = D342708A295114D600A6F215 /* DetailsViewController.xib */; };
		D34555842948FBCF00681882 /* AppDelegate.swift in Sources */ = {isa = PBXBuildFile; fileRef = D34555832948FBCF00681882 /* AppDelegate.swift */; };
		D34555862948FBCF00681882 /* SceneDelegate.swift in Sources */ = {isa = PBXBuildFile; fileRef = D34555852948FBCF00681882 /* SceneDelegate.swift */; };
		D345558D2948FBD000681882 /* Assets.xcassets in Resources */ = {isa = PBXBuildFile; fileRef = D345558C2948FBD000681882 /* Assets.xcassets */; };
		D34555902948FBD000681882 /* LaunchScreen.storyboard in Resources */ = {isa = PBXBuildFile; fileRef = D345558E2948FBD000681882 /* LaunchScreen.storyboard */; };
		D345559B2948FBD000681882 /* probandoKC_13_12Tests.swift in Sources */ = {isa = PBXBuildFile; fileRef = D345559A2948FBD000681882 /* probandoKC_13_12Tests.swift */; };
		D34555A52948FBD000681882 /* probandoKC_13_12UITests.swift in Sources */ = {isa = PBXBuildFile; fileRef = D34555A42948FBD000681882 /* probandoKC_13_12UITests.swift */; };
		D34555A72948FBD000681882 /* probandoKC_13_12UITestsLaunchTests.swift in Sources */ = {isa = PBXBuildFile; fileRef = D34555A62948FBD000681882 /* probandoKC_13_12UITestsLaunchTests.swift */; };
		D34555B82948FD9800681882 /* TableViewController.swift in Sources */ = {isa = PBXBuildFile; fileRef = D34555B62948FD9800681882 /* TableViewController.swift */; };
		D34555B92948FD9800681882 /* TableViewController.xib in Resources */ = {isa = PBXBuildFile; fileRef = D34555B72948FD9800681882 /* TableViewController.xib */; };
		D34555BD2949083500681882 /* TableCell.swift in Sources */ = {isa = PBXBuildFile; fileRef = D34555BB2949083500681882 /* TableCell.swift */; };
		D34555BE2949083500681882 /* TableCell.xib in Resources */ = {isa = PBXBuildFile; fileRef = D34555BC2949083500681882 /* TableCell.xib */; };
		D34555C12949167100681882 /* HomeTabBarControllerViewController.swift in Sources */ = {isa = PBXBuildFile; fileRef = D34555C02949167100681882 /* HomeTabBarControllerViewController.swift */; };
		D34555C529491E0000681882 /* CollectionViewController.swift in Sources */ = {isa = PBXBuildFile; fileRef = D34555C329491DFF00681882 /* CollectionViewController.swift */; };
		D34555C629491E0000681882 /* CollectionViewController.xib in Resources */ = {isa = PBXBuildFile; fileRef = D34555C429491DFF00681882 /* CollectionViewController.xib */; };
		D34555CA294920FE00681882 /* CollectionCellCollectionViewCell.swift in Sources */ = {isa = PBXBuildFile; fileRef = D34555C8294920FE00681882 /* CollectionCellCollectionViewCell.swift */; };
		D34555CB294920FE00681882 /* CollectionCellCollectionViewCell.xib in Resources */ = {isa = PBXBuildFile; fileRef = D34555C9294920FE00681882 /* CollectionCellCollectionViewCell.xib */; };
		D3D4B7FB294BB7FF00F086CC /* LoginViewController.swift in Sources */ = {isa = PBXBuildFile; fileRef = D3D4B7F9294BB7FF00F086CC /* LoginViewController.swift */; };
		D3D4B7FC294BB7FF00F086CC /* LoginViewController.xib in Resources */ = {isa = PBXBuildFile; fileRef = D3D4B7FA294BB7FF00F086CC /* LoginViewController.xib */; };
		D3D4B7FF294BC33D00F086CC /* LocalDataLayer.swift in Sources */ = {isa = PBXBuildFile; fileRef = D3D4B7FE294BC33D00F086CC /* LocalDataLayer.swift */; };
		D3D4B801294BC34E00F086CC /* NetworkLayer.swift in Sources */ = {isa = PBXBuildFile; fileRef = D3D4B800294BC34E00F086CC /* NetworkLayer.swift */; };
		D3D4B804294BC49100F086CC /* Heroe.swift in Sources */ = {isa = PBXBuildFile; fileRef = D3D4B803294BC49100F086CC /* Heroe.swift */; };
		D3F822F2295396B300C29DB9 /* Transformation.swift in Sources */ = {isa = PBXBuildFile; fileRef = D3F822F1295396B300C29DB9 /* Transformation.swift */; };
		D3F822F629539DEC00C29DB9 /* TransformationViewController.swift in Sources */ = {isa = PBXBuildFile; fileRef = D3F822F429539DEC00C29DB9 /* TransformationViewController.swift */; };
		D3F822F729539DEC00C29DB9 /* TransformationViewController.xib in Resources */ = {isa = PBXBuildFile; fileRef = D3F822F529539DEC00C29DB9 /* TransformationViewController.xib */; };
		D3F822FA2953AA7C00C29DB9 /* HeroesTest.swift in Sources */ = {isa = PBXBuildFile; fileRef = D3F822F92953AA7C00C29DB9 /* HeroesTest.swift */; };
		D3F822FC2953AEDC00C29DB9 /* TransformationTest.swift in Sources */ = {isa = PBXBuildFile; fileRef = D3F822FB2953AEDC00C29DB9 /* TransformationTest.swift */; };
		D3F822FD2953AF3B00C29DB9 /* Transformation.swift in Sources */ = {isa = PBXBuildFile; fileRef = D3F822F1295396B300C29DB9 /* Transformation.swift */; };
/* End PBXBuildFile section */

/* Begin PBXContainerItemProxy section */
		D34555972948FBD000681882 /* PBXContainerItemProxy */ = {
			isa = PBXContainerItemProxy;
			containerPortal = D34555782948FBCF00681882 /* Project object */;
			proxyType = 1;
			remoteGlobalIDString = D345557F2948FBCF00681882;
			remoteInfo = "probandoKC-13-12";
		};
		D34555A12948FBD000681882 /* PBXContainerItemProxy */ = {
			isa = PBXContainerItemProxy;
			containerPortal = D34555782948FBCF00681882 /* Project object */;
			proxyType = 1;
			remoteGlobalIDString = D345557F2948FBCF00681882;
			remoteInfo = "probandoKC-13-12";
		};
/* End PBXContainerItemProxy section */

/* Begin PBXFileReference section */
		D3427089295114D600A6F215 /* DetailsViewController.swift */ = {isa = PBXFileReference; lastKnownFileType = sourcecode.swift; path = DetailsViewController.swift; sourceTree = "<group>"; };
		D342708A295114D600A6F215 /* DetailsViewController.xib */ = {isa = PBXFileReference; lastKnownFileType = file.xib; path = DetailsViewController.xib; sourceTree = "<group>"; };
		D34555802948FBCF00681882 /* probandoKC-13-12.app */ = {isa = PBXFileReference; explicitFileType = wrapper.application; includeInIndex = 0; path = "probandoKC-13-12.app"; sourceTree = BUILT_PRODUCTS_DIR; };
		D34555832948FBCF00681882 /* AppDelegate.swift */ = {isa = PBXFileReference; lastKnownFileType = sourcecode.swift; path = AppDelegate.swift; sourceTree = "<group>"; };
		D34555852948FBCF00681882 /* SceneDelegate.swift */ = {isa = PBXFileReference; lastKnownFileType = sourcecode.swift; path = SceneDelegate.swift; sourceTree = "<group>"; };
		D345558C2948FBD000681882 /* Assets.xcassets */ = {isa = PBXFileReference; lastKnownFileType = folder.assetcatalog; path = Assets.xcassets; sourceTree = "<group>"; };
		D345558F2948FBD000681882 /* Base */ = {isa = PBXFileReference; lastKnownFileType = file.storyboard; name = Base; path = Base.lproj/LaunchScreen.storyboard; sourceTree = "<group>"; };
		D34555912948FBD000681882 /* Info.plist */ = {isa = PBXFileReference; lastKnownFileType = text.plist.xml; path = Info.plist; sourceTree = "<group>"; };
		D34555962948FBD000681882 /* probandoKC-13-12Tests.xctest */ = {isa = PBXFileReference; explicitFileType = wrapper.cfbundle; includeInIndex = 0; path = "probandoKC-13-12Tests.xctest"; sourceTree = BUILT_PRODUCTS_DIR; };
		D345559A2948FBD000681882 /* probandoKC_13_12Tests.swift */ = {isa = PBXFileReference; lastKnownFileType = sourcecode.swift; path = probandoKC_13_12Tests.swift; sourceTree = "<group>"; };
		D34555A02948FBD000681882 /* probandoKC-13-12UITests.xctest */ = {isa = PBXFileReference; explicitFileType = wrapper.cfbundle; includeInIndex = 0; path = "probandoKC-13-12UITests.xctest"; sourceTree = BUILT_PRODUCTS_DIR; };
		D34555A42948FBD000681882 /* probandoKC_13_12UITests.swift */ = {isa = PBXFileReference; lastKnownFileType = sourcecode.swift; path = probandoKC_13_12UITests.swift; sourceTree = "<group>"; };
		D34555A62948FBD000681882 /* probandoKC_13_12UITestsLaunchTests.swift */ = {isa = PBXFileReference; lastKnownFileType = sourcecode.swift; path = probandoKC_13_12UITestsLaunchTests.swift; sourceTree = "<group>"; };
		D34555B62948FD9800681882 /* TableViewController.swift */ = {isa = PBXFileReference; lastKnownFileType = sourcecode.swift; path = TableViewController.swift; sourceTree = "<group>"; };
		D34555B72948FD9800681882 /* TableViewController.xib */ = {isa = PBXFileReference; lastKnownFileType = file.xib; path = TableViewController.xib; sourceTree = "<group>"; };
		D34555BB2949083500681882 /* TableCell.swift */ = {isa = PBXFileReference; lastKnownFileType = sourcecode.swift; path = TableCell.swift; sourceTree = "<group>"; };
		D34555BC2949083500681882 /* TableCell.xib */ = {isa = PBXFileReference; lastKnownFileType = file.xib; path = TableCell.xib; sourceTree = "<group>"; };
		D34555C02949167100681882 /* HomeTabBarControllerViewController.swift */ = {isa = PBXFileReference; lastKnownFileType = sourcecode.swift; path = HomeTabBarControllerViewController.swift; sourceTree = "<group>"; };
		D34555C329491DFF00681882 /* CollectionViewController.swift */ = {isa = PBXFileReference; lastKnownFileType = sourcecode.swift; path = CollectionViewController.swift; sourceTree = "<group>"; };
		D34555C429491DFF00681882 /* CollectionViewController.xib */ = {isa = PBXFileReference; lastKnownFileType = file.xib; path = CollectionViewController.xib; sourceTree = "<group>"; };
		D34555C8294920FE00681882 /* CollectionCellCollectionViewCell.swift */ = {isa = PBXFileReference; lastKnownFileType = sourcecode.swift; path = CollectionCellCollectionViewCell.swift; sourceTree = "<group>"; };
		D34555C9294920FE00681882 /* CollectionCellCollectionViewCell.xib */ = {isa = PBXFileReference; lastKnownFileType = file.xib; path = CollectionCellCollectionViewCell.xib; sourceTree = "<group>"; };
		D3D4B7F9294BB7FF00F086CC /* LoginViewController.swift */ = {isa = PBXFileReference; lastKnownFileType = sourcecode.swift; path = LoginViewController.swift; sourceTree = "<group>"; };
		D3D4B7FA294BB7FF00F086CC /* LoginViewController.xib */ = {isa = PBXFileReference; lastKnownFileType = file.xib; path = LoginViewController.xib; sourceTree = "<group>"; };
		D3D4B7FE294BC33D00F086CC /* LocalDataLayer.swift */ = {isa = PBXFileReference; lastKnownFileType = sourcecode.swift; path = LocalDataLayer.swift; sourceTree = "<group>"; };
		D3D4B800294BC34E00F086CC /* NetworkLayer.swift */ = {isa = PBXFileReference; lastKnownFileType = sourcecode.swift; path = NetworkLayer.swift; sourceTree = "<group>"; };
		D3D4B803294BC49100F086CC /* Heroe.swift */ = {isa = PBXFileReference; lastKnownFileType = sourcecode.swift; path = Heroe.swift; sourceTree = "<group>"; };
		D3F822F1295396B300C29DB9 /* Transformation.swift */ = {isa = PBXFileReference; lastKnownFileType = sourcecode.swift; path = Transformation.swift; sourceTree = "<group>"; };
		D3F822F429539DEC00C29DB9 /* TransformationViewController.swift */ = {isa = PBXFileReference; lastKnownFileType = sourcecode.swift; path = TransformationViewController.swift; sourceTree = "<group>"; };
		D3F822F529539DEC00C29DB9 /* TransformationViewController.xib */ = {isa = PBXFileReference; lastKnownFileType = file.xib; path = TransformationViewController.xib; sourceTree = "<group>"; };
		D3F822F92953AA7C00C29DB9 /* HeroesTest.swift */ = {isa = PBXFileReference; lastKnownFileType = sourcecode.swift; path = HeroesTest.swift; sourceTree = "<group>"; };
		D3F822FB2953AEDC00C29DB9 /* TransformationTest.swift */ = {isa = PBXFileReference; lastKnownFileType = sourcecode.swift; path = TransformationTest.swift; sourceTree = "<group>"; };
/* End PBXFileReference section */

/* Begin PBXFrameworksBuildPhase section */
		D345557D2948FBCF00681882 /* Frameworks */ = {
			isa = PBXFrameworksBuildPhase;
			buildActionMask = 2147483647;
			files = (
			);
			runOnlyForDeploymentPostprocessing = 0;
		};
		D34555932948FBD000681882 /* Frameworks */ = {
			isa = PBXFrameworksBuildPhase;
			buildActionMask = 2147483647;
			files = (
			);
			runOnlyForDeploymentPostprocessing = 0;
		};
		D345559D2948FBD000681882 /* Frameworks */ = {
			isa = PBXFrameworksBuildPhase;
			buildActionMask = 2147483647;
			files = (
			);
			runOnlyForDeploymentPostprocessing = 0;
		};
/* End PBXFrameworksBuildPhase section */

/* Begin PBXGroup section */
		D3427088295114AE00A6F215 /* DetailsView */ = {
			isa = PBXGroup;
			children = (
				D3427089295114D600A6F215 /* DetailsViewController.swift */,
				D342708A295114D600A6F215 /* DetailsViewController.xib */,
			);
			path = DetailsView;
			sourceTree = "<group>";
		};
		D34555772948FBCF00681882 = {
			isa = PBXGroup;
			children = (
				D3F822F82953AA5C00C29DB9 /* ProyectoTest */,
				D34555822948FBCF00681882 /* probandoKC-13-12 */,
				D34555992948FBD000681882 /* probandoKC-13-12Tests */,
				D34555A32948FBD000681882 /* probandoKC-13-12UITests */,
				D34555812948FBCF00681882 /* Products */,
			);
			sourceTree = "<group>";
		};
		D34555812948FBCF00681882 /* Products */ = {
			isa = PBXGroup;
			children = (
				D34555802948FBCF00681882 /* probandoKC-13-12.app */,
				D34555962948FBD000681882 /* probandoKC-13-12Tests.xctest */,
				D34555A02948FBD000681882 /* probandoKC-13-12UITests.xctest */,
			);
			name = Products;
			sourceTree = "<group>";
		};
		D34555822948FBCF00681882 /* probandoKC-13-12 */ = {
			isa = PBXGroup;
			children = (
				D3D4B802294BC46600F086CC /* Models */,
				D3D4B7FD294BC31300F086CC /* Managers */,
				D34555B42948FC0800681882 /* App */,
				D34555B32948FBF000681882 /* UI */,
				D345558C2948FBD000681882 /* Assets.xcassets */,
				D345558E2948FBD000681882 /* LaunchScreen.storyboard */,
				D34555912948FBD000681882 /* Info.plist */,
			);
			path = "probandoKC-13-12";
			sourceTree = "<group>";
		};
		D34555992948FBD000681882 /* probandoKC-13-12Tests */ = {
			isa = PBXGroup;
			children = (
				D345559A2948FBD000681882 /* probandoKC_13_12Tests.swift */,
			);
			path = "probandoKC-13-12Tests";
			sourceTree = "<group>";
		};
		D34555A32948FBD000681882 /* probandoKC-13-12UITests */ = {
			isa = PBXGroup;
			children = (
				D34555A42948FBD000681882 /* probandoKC_13_12UITests.swift */,
				D34555A62948FBD000681882 /* probandoKC_13_12UITestsLaunchTests.swift */,
			);
			path = "probandoKC-13-12UITests";
			sourceTree = "<group>";
		};
		D34555B32948FBF000681882 /* UI */ = {
			isa = PBXGroup;
			children = (
				D3F822F329539DC600C29DB9 /* TransformationView */,
				D3427088295114AE00A6F215 /* DetailsView */,
				D3D4B7F4294BB64200F086CC /* LoginView */,
				D34555C229491DC800681882 /* CollectionView */,
				D34555BF2949161600681882 /* HomeTabBar */,
				D34555B52948FC9000681882 /* TableView */,
			);
			path = UI;
			sourceTree = "<group>";
		};
		D34555B42948FC0800681882 /* App */ = {
			isa = PBXGroup;
			children = (
				D34555852948FBCF00681882 /* SceneDelegate.swift */,
				D34555832948FBCF00681882 /* AppDelegate.swift */,
			);
			path = App;
			sourceTree = "<group>";
		};
		D34555B52948FC9000681882 /* TableView */ = {
			isa = PBXGroup;
			children = (
				D34555BA294907D700681882 /* TableCell */,
				D34555B62948FD9800681882 /* TableViewController.swift */,
				D34555B72948FD9800681882 /* TableViewController.xib */,
			);
			path = TableView;
			sourceTree = "<group>";
		};
		D34555BA294907D700681882 /* TableCell */ = {
			isa = PBXGroup;
			children = (
				D34555BB2949083500681882 /* TableCell.swift */,
				D34555BC2949083500681882 /* TableCell.xib */,
			);
			path = TableCell;
			sourceTree = "<group>";
		};
		D34555BF2949161600681882 /* HomeTabBar */ = {
			isa = PBXGroup;
			children = (
				D34555C02949167100681882 /* HomeTabBarControllerViewController.swift */,
			);
			path = HomeTabBar;
			sourceTree = "<group>";
		};
		D34555C229491DC800681882 /* CollectionView */ = {
			isa = PBXGroup;
			children = (
				D34555C7294920CA00681882 /* CollectionCell */,
				D34555C329491DFF00681882 /* CollectionViewController.swift */,
				D34555C429491DFF00681882 /* CollectionViewController.xib */,
			);
			path = CollectionView;
			sourceTree = "<group>";
		};
		D34555C7294920CA00681882 /* CollectionCell */ = {
			isa = PBXGroup;
			children = (
				D34555C8294920FE00681882 /* CollectionCellCollectionViewCell.swift */,
				D34555C9294920FE00681882 /* CollectionCellCollectionViewCell.xib */,
			);
			path = CollectionCell;
			sourceTree = "<group>";
		};
		D3D4B7F4294BB64200F086CC /* LoginView */ = {
			isa = PBXGroup;
			children = (
				D3D4B7F9294BB7FF00F086CC /* LoginViewController.swift */,
				D3D4B7FA294BB7FF00F086CC /* LoginViewController.xib */,
			);
			path = LoginView;
			sourceTree = "<group>";
		};
		D3D4B7FD294BC31300F086CC /* Managers */ = {
			isa = PBXGroup;
			children = (
				D3D4B7FE294BC33D00F086CC /* LocalDataLayer.swift */,
				D3D4B800294BC34E00F086CC /* NetworkLayer.swift */,
			);
			path = Managers;
			sourceTree = "<group>";
		};
		D3D4B802294BC46600F086CC /* Models */ = {
			isa = PBXGroup;
			children = (
				D3D4B803294BC49100F086CC /* Heroe.swift */,
				D3F822F1295396B300C29DB9 /* Transformation.swift */,
			);
			path = Models;
			sourceTree = "<group>";
		};
		D3F822F329539DC600C29DB9 /* TransformationView */ = {
			isa = PBXGroup;
			children = (
				D3F822F429539DEC00C29DB9 /* TransformationViewController.swift */,
				D3F822F529539DEC00C29DB9 /* TransformationViewController.xib */,
			);
			path = TransformationView;
			sourceTree = "<group>";
		};
		D3F822F82953AA5C00C29DB9 /* ProyectoTest */ = {
			isa = PBXGroup;
			children = (
				D3F822F92953AA7C00C29DB9 /* HeroesTest.swift */,
				D3F822FB2953AEDC00C29DB9 /* TransformationTest.swift */,
			);
			path = ProyectoTest;
			sourceTree = "<group>";
		};
/* End PBXGroup section */

/* Begin PBXNativeTarget section */
		D345557F2948FBCF00681882 /* probandoKC-13-12 */ = {
			isa = PBXNativeTarget;
			buildConfigurationList = D34555AA2948FBD000681882 /* Build configuration list for PBXNativeTarget "probandoKC-13-12" */;
			buildPhases = (
				D345557C2948FBCF00681882 /* Sources */,
				D345557D2948FBCF00681882 /* Frameworks */,
				D345557E2948FBCF00681882 /* Resources */,
			);
			buildRules = (
			);
			dependencies = (
			);
			name = "probandoKC-13-12";
			productName = "probandoKC-13-12";
			productReference = D34555802948FBCF00681882 /* probandoKC-13-12.app */;
			productType = "com.apple.product-type.application";
		};
		D34555952948FBD000681882 /* probandoKC-13-12Tests */ = {
			isa = PBXNativeTarget;
			buildConfigurationList = D34555AD2948FBD000681882 /* Build configuration list for PBXNativeTarget "probandoKC-13-12Tests" */;
			buildPhases = (
				D34555922948FBD000681882 /* Sources */,
				D34555932948FBD000681882 /* Frameworks */,
				D34555942948FBD000681882 /* Resources */,
			);
			buildRules = (
			);
			dependencies = (
				D34555982948FBD000681882 /* PBXTargetDependency */,
			);
			name = "probandoKC-13-12Tests";
			productName = "probandoKC-13-12Tests";
			productReference = D34555962948FBD000681882 /* probandoKC-13-12Tests.xctest */;
			productType = "com.apple.product-type.bundle.unit-test";
		};
		D345559F2948FBD000681882 /* probandoKC-13-12UITests */ = {
			isa = PBXNativeTarget;
			buildConfigurationList = D34555B02948FBD000681882 /* Build configuration list for PBXNativeTarget "probandoKC-13-12UITests" */;
			buildPhases = (
				D345559C2948FBD000681882 /* Sources */,
				D345559D2948FBD000681882 /* Frameworks */,
				D345559E2948FBD000681882 /* Resources */,
			);
			buildRules = (
			);
			dependencies = (
				D34555A22948FBD000681882 /* PBXTargetDependency */,
			);
			name = "probandoKC-13-12UITests";
			productName = "probandoKC-13-12UITests";
			productReference = D34555A02948FBD000681882 /* probandoKC-13-12UITests.xctest */;
			productType = "com.apple.product-type.bundle.ui-testing";
		};
/* End PBXNativeTarget section */

/* Begin PBXProject section */
		D34555782948FBCF00681882 /* Project object */ = {
			isa = PBXProject;
			attributes = {
				BuildIndependentTargetsInParallel = 1;
				LastSwiftUpdateCheck = 1410;
				LastUpgradeCheck = 1410;
				TargetAttributes = {
					D345557F2948FBCF00681882 = {
						CreatedOnToolsVersion = 14.1;
					};
					D34555952948FBD000681882 = {
						CreatedOnToolsVersion = 14.1;
						TestTargetID = D345557F2948FBCF00681882;
					};
					D345559F2948FBD000681882 = {
						CreatedOnToolsVersion = 14.1;
						TestTargetID = D345557F2948FBCF00681882;
					};
				};
			};
			buildConfigurationList = D345557B2948FBCF00681882 /* Build configuration list for PBXProject "probandoKC-13-12" */;
			compatibilityVersion = "Xcode 14.0";
			developmentRegion = en;
			hasScannedForEncodings = 0;
			knownRegions = (
				en,
				Base,
			);
			mainGroup = D34555772948FBCF00681882;
			productRefGroup = D34555812948FBCF00681882 /* Products */;
			projectDirPath = "";
			projectRoot = "";
			targets = (
				D345557F2948FBCF00681882 /* probandoKC-13-12 */,
				D34555952948FBD000681882 /* probandoKC-13-12Tests */,
				D345559F2948FBD000681882 /* probandoKC-13-12UITests */,
			);
		};
/* End PBXProject section */

/* Begin PBXResourcesBuildPhase section */
		D345557E2948FBCF00681882 /* Resources */ = {
			isa = PBXResourcesBuildPhase;
			buildActionMask = 2147483647;
			files = (
				D34555CB294920FE00681882 /* CollectionCellCollectionViewCell.xib in Resources */,
				D34555B92948FD9800681882 /* TableViewController.xib in Resources */,
				D34555C629491E0000681882 /* CollectionViewController.xib in Resources */,
				D34555902948FBD000681882 /* LaunchScreen.storyboard in Resources */,
				D34555BE2949083500681882 /* TableCell.xib in Resources */,
				D3D4B7FC294BB7FF00F086CC /* LoginViewController.xib in Resources */,
				D345558D2948FBD000681882 /* Assets.xcassets in Resources */,
				D3F822F729539DEC00C29DB9 /* TransformationViewController.xib in Resources */,
				D342708C295114D600A6F215 /* DetailsViewController.xib in Resources */,
			);
			runOnlyForDeploymentPostprocessing = 0;
		};
		D34555942948FBD000681882 /* Resources */ = {
			isa = PBXResourcesBuildPhase;
			buildActionMask = 2147483647;
			files = (
			);
			runOnlyForDeploymentPostprocessing = 0;
		};
		D345559E2948FBD000681882 /* Resources */ = {
			isa = PBXResourcesBuildPhase;
			buildActionMask = 2147483647;
			files = (
			);
			runOnlyForDeploymentPostprocessing = 0;
		};
/* End PBXResourcesBuildPhase section */

/* Begin PBXSourcesBuildPhase section */
		D345557C2948FBCF00681882 /* Sources */ = {
			isa = PBXSourcesBuildPhase;
			buildActionMask = 2147483647;
			files = (
				D34555C529491E0000681882 /* CollectionViewController.swift in Sources */,
				D3D4B804294BC49100F086CC /* Heroe.swift in Sources */,
				D34555C12949167100681882 /* HomeTabBarControllerViewController.swift in Sources */,
				D34555842948FBCF00681882 /* AppDelegate.swift in Sources */,
				D3D4B7FF294BC33D00F086CC /* LocalDataLayer.swift in Sources */,
				D34555CA294920FE00681882 /* CollectionCellCollectionViewCell.swift in Sources */,
				D3F822F2295396B300C29DB9 /* Transformation.swift in Sources */,
				D3F822F629539DEC00C29DB9 /* TransformationViewController.swift in Sources */,
				D3D4B7FB294BB7FF00F086CC /* LoginViewController.swift in Sources */,
				D34555B82948FD9800681882 /* TableViewController.swift in Sources */,
				D34555BD2949083500681882 /* TableCell.swift in Sources */,
				D3D4B801294BC34E00F086CC /* NetworkLayer.swift in Sources */,
				D34555862948FBCF00681882 /* SceneDelegate.swift in Sources */,
				D342708B295114D600A6F215 /* DetailsViewController.swift in Sources */,
			);
			runOnlyForDeploymentPostprocessing = 0;
		};
		D34555922948FBD000681882 /* Sources */ = {
			isa = PBXSourcesBuildPhase;
			buildActionMask = 2147483647;
			files = (
				D345559B2948FBD000681882 /* probandoKC_13_12Tests.swift in Sources */,
				D3F822FA2953AA7C00C29DB9 /* HeroesTest.swift in Sources */,
				D3F822FD2953AF3B00C29DB9 /* Transformation.swift in Sources */,
				D3F822FC2953AEDC00C29DB9 /* TransformationTest.swift in Sources */,
			);
			runOnlyForDeploymentPostprocessing = 0;
		};
		D345559C2948FBD000681882 /* Sources */ = {
			isa = PBXSourcesBuildPhase;
			buildActionMask = 2147483647;
			files = (
				D34555A72948FBD000681882 /* probandoKC_13_12UITestsLaunchTests.swift in Sources */,
				D34555A52948FBD000681882 /* probandoKC_13_12UITests.swift in Sources */,
			);
			runOnlyForDeploymentPostprocessing = 0;
		};
/* End PBXSourcesBuildPhase section */

/* Begin PBXTargetDependency section */
		D34555982948FBD000681882 /* PBXTargetDependency */ = {
			isa = PBXTargetDependency;
			target = D345557F2948FBCF00681882 /* probandoKC-13-12 */;
			targetProxy = D34555972948FBD000681882 /* PBXContainerItemProxy */;
		};
		D34555A22948FBD000681882 /* PBXTargetDependency */ = {
			isa = PBXTargetDependency;
			target = D345557F2948FBCF00681882 /* probandoKC-13-12 */;
			targetProxy = D34555A12948FBD000681882 /* PBXContainerItemProxy */;
		};
/* End PBXTargetDependency section */

/* Begin PBXVariantGroup section */
		D345558E2948FBD000681882 /* LaunchScreen.storyboard */ = {
			isa = PBXVariantGroup;
			children = (
				D345558F2948FBD000681882 /* Base */,
			);
			name = LaunchScreen.storyboard;
			sourceTree = "<group>";
		};
/* End PBXVariantGroup section */

/* Begin XCBuildConfiguration section */
		D34555A82948FBD000681882 /* Debug */ = {
			isa = XCBuildConfiguration;
			buildSettings = {
				ALWAYS_SEARCH_USER_PATHS = NO;
				CLANG_ANALYZER_NONNULL = YES;
				CLANG_ANALYZER_NUMBER_OBJECT_CONVERSION = YES_AGGRESSIVE;
				CLANG_CXX_LANGUAGE_STANDARD = "gnu++20";
				CLANG_ENABLE_MODULES = YES;
				CLANG_ENABLE_OBJC_ARC = YES;
				CLANG_ENABLE_OBJC_WEAK = YES;
				CLANG_WARN_BLOCK_CAPTURE_AUTORELEASING = YES;
				CLANG_WARN_BOOL_CONVERSION = YES;
				CLANG_WARN_COMMA = YES;
				CLANG_WARN_CONSTANT_CONVERSION = YES;
				CLANG_WARN_DEPRECATED_OBJC_IMPLEMENTATIONS = YES;
				CLANG_WARN_DIRECT_OBJC_ISA_USAGE = YES_ERROR;
				CLANG_WARN_DOCUMENTATION_COMMENTS = YES;
				CLANG_WARN_EMPTY_BODY = YES;
				CLANG_WARN_ENUM_CONVERSION = YES;
				CLANG_WARN_INFINITE_RECURSION = YES;
				CLANG_WARN_INT_CONVERSION = YES;
				CLANG_WARN_NON_LITERAL_NULL_CONVERSION = YES;
				CLANG_WARN_OBJC_IMPLICIT_RETAIN_SELF = YES;
				CLANG_WARN_OBJC_LITERAL_CONVERSION = YES;
				CLANG_WARN_OBJC_ROOT_CLASS = YES_ERROR;
				CLANG_WARN_QUOTED_INCLUDE_IN_FRAMEWORK_HEADER = YES;
				CLANG_WARN_RANGE_LOOP_ANALYSIS = YES;
				CLANG_WARN_STRICT_PROTOTYPES = YES;
				CLANG_WARN_SUSPICIOUS_MOVE = YES;
				CLANG_WARN_UNGUARDED_AVAILABILITY = YES_AGGRESSIVE;
				CLANG_WARN_UNREACHABLE_CODE = YES;
				CLANG_WARN__DUPLICATE_METHOD_MATCH = YES;
				COPY_PHASE_STRIP = NO;
				DEBUG_INFORMATION_FORMAT = dwarf;
				ENABLE_STRICT_OBJC_MSGSEND = YES;
				ENABLE_TESTABILITY = YES;
				GCC_C_LANGUAGE_STANDARD = gnu11;
				GCC_DYNAMIC_NO_PIC = NO;
				GCC_NO_COMMON_BLOCKS = YES;
				GCC_OPTIMIZATION_LEVEL = 0;
				GCC_PREPROCESSOR_DEFINITIONS = (
					"DEBUG=1",
					"$(inherited)",
				);
				GCC_WARN_64_TO_32_BIT_CONVERSION = YES;
				GCC_WARN_ABOUT_RETURN_TYPE = YES_ERROR;
				GCC_WARN_UNDECLARED_SELECTOR = YES;
				GCC_WARN_UNINITIALIZED_AUTOS = YES_AGGRESSIVE;
				GCC_WARN_UNUSED_FUNCTION = YES;
				GCC_WARN_UNUSED_VARIABLE = YES;
				IPHONEOS_DEPLOYMENT_TARGET = 16.1;
				MTL_ENABLE_DEBUG_INFO = INCLUDE_SOURCE;
				MTL_FAST_MATH = YES;
				ONLY_ACTIVE_ARCH = YES;
				SDKROOT = iphoneos;
				SWIFT_ACTIVE_COMPILATION_CONDITIONS = DEBUG;
				SWIFT_OPTIMIZATION_LEVEL = "-Onone";
			};
			name = Debug;
		};
		D34555A92948FBD000681882 /* Release */ = {
			isa = XCBuildConfiguration;
			buildSettings = {
				ALWAYS_SEARCH_USER_PATHS = NO;
				CLANG_ANALYZER_NONNULL = YES;
				CLANG_ANALYZER_NUMBER_OBJECT_CONVERSION = YES_AGGRESSIVE;
				CLANG_CXX_LANGUAGE_STANDARD = "gnu++20";
				CLANG_ENABLE_MODULES = YES;
				CLANG_ENABLE_OBJC_ARC = YES;
				CLANG_ENABLE_OBJC_WEAK = YES;
				CLANG_WARN_BLOCK_CAPTURE_AUTORELEASING = YES;
				CLANG_WARN_BOOL_CONVERSION = YES;
				CLANG_WARN_COMMA = YES;
				CLANG_WARN_CONSTANT_CONVERSION = YES;
				CLANG_WARN_DEPRECATED_OBJC_IMPLEMENTATIONS = YES;
				CLANG_WARN_DIRECT_OBJC_ISA_USAGE = YES_ERROR;
				CLANG_WARN_DOCUMENTATION_COMMENTS = YES;
				CLANG_WARN_EMPTY_BODY = YES;
				CLANG_WARN_ENUM_CONVERSION = YES;
				CLANG_WARN_INFINITE_RECURSION = YES;
				CLANG_WARN_INT_CONVERSION = YES;
				CLANG_WARN_NON_LITERAL_NULL_CONVERSION = YES;
				CLANG_WARN_OBJC_IMPLICIT_RETAIN_SELF = YES;
				CLANG_WARN_OBJC_LITERAL_CONVERSION = YES;
				CLANG_WARN_OBJC_ROOT_CLASS = YES_ERROR;
				CLANG_WARN_QUOTED_INCLUDE_IN_FRAMEWORK_HEADER = YES;
				CLANG_WARN_RANGE_LOOP_ANALYSIS = YES;
				CLANG_WARN_STRICT_PROTOTYPES = YES;
				CLANG_WARN_SUSPICIOUS_MOVE = YES;
				CLANG_WARN_UNGUARDED_AVAILABILITY = YES_AGGRESSIVE;
				CLANG_WARN_UNREACHABLE_CODE = YES;
				CLANG_WARN__DUPLICATE_METHOD_MATCH = YES;
				COPY_PHASE_STRIP = NO;
				DEBUG_INFORMATION_FORMAT = "dwarf-with-dsym";
				ENABLE_NS_ASSERTIONS = NO;
				ENABLE_STRICT_OBJC_MSGSEND = YES;
				GCC_C_LANGUAGE_STANDARD = gnu11;
				GCC_NO_COMMON_BLOCKS = YES;
				GCC_WARN_64_TO_32_BIT_CONVERSION = YES;
				GCC_WARN_ABOUT_RETURN_TYPE = YES_ERROR;
				GCC_WARN_UNDECLARED_SELECTOR = YES;
				GCC_WARN_UNINITIALIZED_AUTOS = YES_AGGRESSIVE;
				GCC_WARN_UNUSED_FUNCTION = YES;
				GCC_WARN_UNUSED_VARIABLE = YES;
				IPHONEOS_DEPLOYMENT_TARGET = 16.1;
				MTL_ENABLE_DEBUG_INFO = NO;
				MTL_FAST_MATH = YES;
				SDKROOT = iphoneos;
				SWIFT_COMPILATION_MODE = wholemodule;
				SWIFT_OPTIMIZATION_LEVEL = "-O";
				VALIDATE_PRODUCT = YES;
			};
			name = Release;
		};
		D34555AB2948FBD000681882 /* Debug */ = {
			isa = XCBuildConfiguration;
			buildSettings = {
				ASSETCATALOG_COMPILER_APPICON_NAME = AppIcon;
				ASSETCATALOG_COMPILER_GLOBAL_ACCENT_COLOR_NAME = AccentColor;
				CODE_SIGN_STYLE = Automatic;
				CURRENT_PROJECT_VERSION = 1;
				GENERATE_INFOPLIST_FILE = YES;
				INFOPLIST_FILE = "probandoKC-13-12/Info.plist";
				INFOPLIST_KEY_UIApplicationSupportsIndirectInputEvents = YES;
				INFOPLIST_KEY_UILaunchStoryboardName = LaunchScreen;
				INFOPLIST_KEY_UISupportedInterfaceOrientations_iPad = "UIInterfaceOrientationPortrait UIInterfaceOrientationPortraitUpsideDown UIInterfaceOrientationLandscapeLeft UIInterfaceOrientationLandscapeRight";
				INFOPLIST_KEY_UISupportedInterfaceOrientations_iPhone = "UIInterfaceOrientationPortrait UIInterfaceOrientationLandscapeLeft UIInterfaceOrientationLandscapeRight";
				LD_RUNPATH_SEARCH_PATHS = (
					"$(inherited)",
					"@executable_path/Frameworks",
				);
				MARKETING_VERSION = 1.0;
				PRODUCT_BUNDLE_IDENTIFIER = "markelJM.probandoKC-13-12";
				PRODUCT_NAME = "$(TARGET_NAME)";
				SWIFT_EMIT_LOC_STRINGS = YES;
				SWIFT_VERSION = 5.0;
				TARGETED_DEVICE_FAMILY = "1,2";
			};
			name = Debug;
		};
		D34555AC2948FBD000681882 /* Release */ = {
			isa = XCBuildConfiguration;
			buildSettings = {
				ASSETCATALOG_COMPILER_APPICON_NAME = AppIcon;
				ASSETCATALOG_COMPILER_GLOBAL_ACCENT_COLOR_NAME = AccentColor;
				CODE_SIGN_STYLE = Automatic;
				CURRENT_PROJECT_VERSION = 1;
				GENERATE_INFOPLIST_FILE = YES;
				INFOPLIST_FILE = "probandoKC-13-12/Info.plist";
				INFOPLIST_KEY_UIApplicationSupportsIndirectInputEvents = YES;
				INFOPLIST_KEY_UILaunchStoryboardName = LaunchScreen;
				INFOPLIST_KEY_UISupportedInterfaceOrientations_iPad = "UIInterfaceOrientationPortrait UIInterfaceOrientationPortraitUpsideDown UIInterfaceOrientationLandscapeLeft UIInterfaceOrientationLandscapeRight";
				INFOPLIST_KEY_UISupportedInterfaceOrientations_iPhone = "UIInterfaceOrientationPortrait UIInterfaceOrientationLandscapeLeft UIInterfaceOrientationLandscapeRight";
				LD_RUNPATH_SEARCH_PATHS = (
					"$(inherited)",
					"@executable_path/Frameworks",
				);
				MARKETING_VERSION = 1.0;
				PRODUCT_BUNDLE_IDENTIFIER = "markelJM.probandoKC-13-12";
				PRODUCT_NAME = "$(TARGET_NAME)";
				SWIFT_EMIT_LOC_STRINGS = YES;
				SWIFT_VERSION = 5.0;
				TARGETED_DEVICE_FAMILY = "1,2";
			};
			name = Release;
		};
		D34555AE2948FBD000681882 /* Debug */ = {
			isa = XCBuildConfiguration;
			buildSettings = {
				ALWAYS_EMBED_SWIFT_STANDARD_LIBRARIES = YES;
				BUNDLE_LOADER = "$(TEST_HOST)";
				CODE_SIGN_STYLE = Automatic;
				CURRENT_PROJECT_VERSION = 1;
				GENERATE_INFOPLIST_FILE = YES;
				IPHONEOS_DEPLOYMENT_TARGET = 16.1;
				MARKETING_VERSION = 1.0;
				PRODUCT_BUNDLE_IDENTIFIER = "markelJM.probandoKC-13-12Tests";
				PRODUCT_NAME = "$(TARGET_NAME)";
				SWIFT_EMIT_LOC_STRINGS = NO;
				SWIFT_VERSION = 5.0;
				TARGETED_DEVICE_FAMILY = "1,2";
				TEST_HOST = "$(BUILT_PRODUCTS_DIR)/probandoKC-13-12.app/$(BUNDLE_EXECUTABLE_FOLDER_PATH)/probandoKC-13-12";
			};
			name = Debug;
		};
		D34555AF2948FBD000681882 /* Release */ = {
			isa = XCBuildConfiguration;
			buildSettings = {
				ALWAYS_EMBED_SWIFT_STANDARD_LIBRARIES = YES;
				BUNDLE_LOADER = "$(TEST_HOST)";
				CODE_SIGN_STYLE = Automatic;
				CURRENT_PROJECT_VERSION = 1;
				GENERATE_INFOPLIST_FILE = YES;
				IPHONEOS_DEPLOYMENT_TARGET = 16.1;
				MARKETING_VERSION = 1.0;
				PRODUCT_BUNDLE_IDENTIFIER = "markelJM.probandoKC-13-12Tests";
				PRODUCT_NAME = "$(TARGET_NAME)";
				SWIFT_EMIT_LOC_STRINGS = NO;
				SWIFT_VERSION = 5.0;
				TARGETED_DEVICE_FAMILY = "1,2";
				TEST_HOST = "$(BUILT_PRODUCTS_DIR)/probandoKC-13-12.app/$(BUNDLE_EXECUTABLE_FOLDER_PATH)/probandoKC-13-12";
			};
			name = Release;
		};
		D34555B12948FBD000681882 /* Debug */ = {
			isa = XCBuildConfiguration;
			buildSettings = {
				ALWAYS_EMBED_SWIFT_STANDARD_LIBRARIES = YES;
				CODE_SIGN_STYLE = Automatic;
				CURRENT_PROJECT_VERSION = 1;
				GENERATE_INFOPLIST_FILE = YES;
				MARKETING_VERSION = 1.0;
				PRODUCT_BUNDLE_IDENTIFIER = "markelJM.probandoKC-13-12UITests";
				PRODUCT_NAME = "$(TARGET_NAME)";
				SWIFT_EMIT_LOC_STRINGS = NO;
				SWIFT_VERSION = 5.0;
				TARGETED_DEVICE_FAMILY = "1,2";
				TEST_TARGET_NAME = "probandoKC-13-12";
			};
			name = Debug;
		};
		D34555B22948FBD000681882 /* Release */ = {
			isa = XCBuildConfiguration;
			buildSettings = {
				ALWAYS_EMBED_SWIFT_STANDARD_LIBRARIES = YES;
				CODE_SIGN_STYLE = Automatic;
				CURRENT_PROJECT_VERSION = 1;
				GENERATE_INFOPLIST_FILE = YES;
				MARKETING_VERSION = 1.0;
				PRODUCT_BUNDLE_IDENTIFIER = "markelJM.probandoKC-13-12UITests";
				PRODUCT_NAME = "$(TARGET_NAME)";
				SWIFT_EMIT_LOC_STRINGS = NO;
				SWIFT_VERSION = 5.0;
				TARGETED_DEVICE_FAMILY = "1,2";
				TEST_TARGET_NAME = "probandoKC-13-12";
			};
			name = Release;
		};
/* End XCBuildConfiguration section */

/* Begin XCConfigurationList section */
		D345557B2948FBCF00681882 /* Build configuration list for PBXProject "probandoKC-13-12" */ = {
			isa = XCConfigurationList;
			buildConfigurations = (
				D34555A82948FBD000681882 /* Debug */,
				D34555A92948FBD000681882 /* Release */,
			);
			defaultConfigurationIsVisible = 0;
			defaultConfigurationName = Release;
		};
		D34555AA2948FBD000681882 /* Build configuration list for PBXNativeTarget "probandoKC-13-12" */ = {
			isa = XCConfigurationList;
			buildConfigurations = (
				D34555AB2948FBD000681882 /* Debug */,
				D34555AC2948FBD000681882 /* Release */,
			);
			defaultConfigurationIsVisible = 0;
			defaultConfigurationName = Release;
		};
		D34555AD2948FBD000681882 /* Build configuration list for PBXNativeTarget "probandoKC-13-12Tests" */ = {
			isa = XCConfigurationList;
			buildConfigurations = (
				D34555AE2948FBD000681882 /* Debug */,
				D34555AF2948FBD000681882 /* Release */,
			);
			defaultConfigurationIsVisible = 0;
			defaultConfigurationName = Release;
		};
		D34555B02948FBD000681882 /* Build configuration list for PBXNativeTarget "probandoKC-13-12UITests" */ = {
			isa = XCConfigurationList;
			buildConfigurations = (
				D34555B12948FBD000681882 /* Debug */,
				D34555B22948FBD000681882 /* Release */,
			);
			defaultConfigurationIsVisible = 0;
			defaultConfigurationName = Release;
		};
/* End XCConfigurationList section */
	};
	rootObject = D34555782948FBCF00681882 /* Project object */;
}
